
Microsoft Visual Studio Solution File, Format Version 12.00
# Visual Studio 2013
VisualStudioVersion = 12.0.31101.0
MinimumVisualStudioVersion = 10.0.40219.1
Project("{2150E333-8FDC-42A3-9474-1A3956D46DE8}") = "Solution Items", "Solution Items", "{D5CB62FA-345B-482D-AE25-CD7D4DB6A9B2}"
	ProjectSection(SolutionItems) = preProject
		ReadMe.md = ReadMe.md
		右键菜单注册表.reg = 右键菜单注册表.reg
	EndProjectSection
EndProject
Project("{FAE04EC0-301F-11D3-BF4B-00C04F79EFBC}") = "DocTag", "DocTag\DocTag.csproj", "{1193DBCB-602F-41DC-AC3C-6BE1482BD008}"
EndProject
Global
	GlobalSection(SolutionConfigurationPlatforms) = preSolution
		Debug|Any CPU = Debug|Any CPU
		Release|Any CPU = Release|Any CPU
	EndGlobalSection
	GlobalSection(ProjectConfigurationPlatforms) = postSolution
		{1193DBCB-602F-41DC-AC3C-6BE1482BD008}.Debug|Any CPU.ActiveCfg = Debug|Any CPU
		{1193DBCB-602F-41DC-AC3C-6BE1482BD008}.Debug|Any CPU.Build.0 = Debug|Any CPU
		{1193DBCB-602F-41DC-AC3C-6BE1482BD008}.Release|Any CPU.ActiveCfg = Release|Any CPU
		{1193DBCB-602F-41DC-AC3C-6BE1482BD008}.Release|Any CPU.Build.0 = Release|Any CPU
	EndGlobalSection
	GlobalSection(SolutionProperties) = preSolution
		HideSolutionNode = FALSE
	EndGlobalSection
EndGlobal
